{
  "name": "c20-03-ft-python-react",
  "lockfileVersion": 3,
  "requires": true,
  "packages": {
    "": {
      "dependencies": {
        "@fontsource/poppins": "^5.0.15"
      }
    },
    "node_modules/@fontsource/poppins": {
      "version": "5.0.15",
      "resolved": "https://registry.npmjs.org/@fontsource/poppins/-/poppins-5.0.15.tgz",
      "integrity": "sha512-hN8jhlb01v0f8F3X5h8XUiqz/dMYg/RrhyHmU1o4gZIgk+Yj2SeqmRLBj88Lh+pEjdVTmbDXSHGCVlbyPaSm8A=="
    }
  }
}
